{
  "originHash" : "ba523501c527d8498bf2227ed9a5bc72b68d69551f1a41f69ab51c9a46da97c6",
  "pins" : [
    {
      "identity" : "clerk-ios",
      "kind" : "remoteSourceControl",
      "location" : "https://github.com/clerk/clerk-ios",
      "state" : {
        "revision" : "af96bbc05e2301edf44921a820396811a050bd04",
        "version" : "1.2.6"
      }
    },
    {
      "identity" : "nuke",
      "kind" : "remoteSourceControl",
      "location" : "https://github.com/kean/Nuke.git",
      "state" : {
        "revision" : "63a8fcbd6621340a2410bc3e9575ac97058615f4",
        "version" : "13.0.6"
      }
    },
    {
      "identity" : "phonenumberkit",
      "kind" : "remoteSourceControl",
      "location" : "https://github.com/PhoneNumberKit/PhoneNumberKit",
      "state" : {
        "revision" : "c93fb1c3eef581fbd08acf99d4886dea12b5c1dc",
        "version" : "5.0.3"
      }
    },
    {
      "identity" : "sparkle",
      "kind" : "remoteSourceControl",
      "location" : "https://github.com/sparkle-project/Sparkle",
      "state" : {
        "revision" : "b6496a74a087257ef5e6da1c5b29a447a60f5bd7",
        "version" : "2.9.4"
      }
    }
  ],
  "version" : 3
}
